
Microsoft Visual Studio Solution File, Format Version 12.00
# Visual Studio Version 16
VisualStudioVersion = 16.0.32413.511
MinimumVisualStudioVersion = 10.0.40219.1
Project("{FAE04EC0-301F-11D3-BF4B-00C04F79EFBC}") = "Sorting", "Sorting\Sorting.csproj", "{714ED1F9-5B53-47E9-A008-DC181C608A7D}"
EndProject
Global
	GlobalSection(SolutionConfigurationPlatforms) = preSolution
		Debug|Any CPU = Debug|Any CPU
		Release|Any CPU = Release|Any CPU
	EndGlobalSection
	GlobalSection(ProjectConfigurationPlatforms) = postSolution
		{714ED1F9-5B53-47E9-A008-DC181C608A7D}.Debug|Any CPU.ActiveCfg = Debug|Any CPU
		{714ED1F9-5B53-47E9-A008-DC181C608A7D}.Debug|Any CPU.Build.0 = Debug|Any CPU
		{714ED1F9-5B53-47E9-A008-DC181C608A7D}.Release|Any CPU.ActiveCfg = Release|Any CPU
		{714ED1F9-5B53-47E9-A008-DC181C608A7D}.Release|Any CPU.Build.0 = Release|Any CPU
	EndGlobalSection
	GlobalSection(SolutionProperties) = preSolution
		HideSolutionNode = FALSE
	EndGlobalSection
	GlobalSection(ExtensibilityGlobals) = postSolution
		SolutionGuid = {5E9811A4-86BE-4FD1-BAC1-584843C95487}
	EndGlobalSection
EndGlobal
